
Microsoft Visual Studio Solution File, Format Version 12.00
# Visual Studio Version 17
VisualStudioVersion = 17.1.32210.238
MinimumVisualStudioVersion = 10.0.40219.1
Project("{FAE04EC0-301F-11D3-BF4B-00C04F79EFBC}") = "AzureFunction_EFCore_Demo", "AzureFunction_EFCore_Demo\AzureFunction_EFCore_Demo.csproj", "{8626A08A-859C-46AB-A9DE-6B8F16BF010B}"
EndProject
Global
	GlobalSection(SolutionConfigurationPlatforms) = preSolution
		Debug|Any CPU = Debug|Any CPU
		Release|Any CPU = Release|Any CPU
	EndGlobalSection
	GlobalSection(ProjectConfigurationPlatforms) = postSolution
		{8626A08A-859C-46AB-A9DE-6B8F16BF010B}.Debug|Any CPU.ActiveCfg = Debug|Any CPU
		{8626A08A-859C-46AB-A9DE-6B8F16BF010B}.Debug|Any CPU.Build.0 = Debug|Any CPU
		{8626A08A-859C-46AB-A9DE-6B8F16BF010B}.Release|Any CPU.ActiveCfg = Release|Any CPU
		{8626A08A-859C-46AB-A9DE-6B8F16BF010B}.Release|Any CPU.Build.0 = Release|Any CPU
	EndGlobalSection
	GlobalSection(SolutionProperties) = preSolution
		HideSolutionNode = FALSE
	EndGlobalSection
	GlobalSection(ExtensibilityGlobals) = postSolution
		SolutionGuid = {AF9F65D4-9C02-4AD8-9840-0471E812FE82}
	EndGlobalSection
EndGlobal
